version = 1
revision = 3
requires-python = "==3.11.*"

[[package]]
name = "colorama"
version = "0.4.6"
source = { registry = "https://pypi.org/simple" }
sdist = { url = "https://files.pythonhosted.org/packages/d8/53/6f443c9a4a8358a93a6792e2acffb9d9d5cb0a5cfd8802644b7b1c9a02e4/colorama-0.4.6.tar.gz", hash = "sha256:08695f5cb7ed6e0531a20572697297273c47b8cae5a63ffc6d6ed5c201be6e44", size = 27697, upload-time = "2022-10-25T02:36:22.414Z" }
wheels = [
    { url = "https://files.pythonhosted.org/packages/d1/d6/3965ed04c63042e047cb6a3e6ed1a63a35087b6a609aa3a15ed8ac56c221/colorama-0.4.6-py2.py3-none-any.whl", hash = "sha256:4f1d9991f5acc0ca119f9d443620b77f9d6b33703e51011c16baf57afb285fc6", size = 25335, upload-time = "2022-10-25T02:36:20.889Z" },
]

[[package]]
name = "diskcache"
version = "5.6.3"
source = { registry = "https://pypi.org/simple" }
sdist = { url = "https://files.pythonhosted.org/packages/3f/21/1c1ffc1a039ddcc459db43cc108658f32c57d271d7289a2794e401d0fdb6/diskcache-5.6.3.tar.gz", hash = "sha256:2c3a3fa2743d8535d832ec61c2054a1641f41775aa7c556758a109941e33e4fc", size = 67916, upload-time = "2023-08-31T06:12:00.316Z" }
wheels = [
    { url = "https://files.pythonhosted.org/packages/3f/27/4570e78fc0bf5ea0ca45eb1de3818a23787af9b390c0b0a0033a1b8236f9/diskcache-5.6.3-py3-none-any.whl", hash = "sha256:5e31b2d5fbad117cc363ebaf6b689474db18a1f6438bc82358b024abd4c2ca19", size = 45550, upload-time = "2023-08-31T06:11:58.822Z" },
]

[[package]]
name = "iniconfig"
version = "2.3.0"
source = { registry = "https://pypi.org/simple" }
sdist = { url = "https://files.pythonhosted.org/packages/72/34/14ca021ce8e5dfedc35312d08ba8bf51fdd999c576889fc2c24cb97f4f10/iniconfig-2.3.0.tar.gz", hash = "sha256:c76315c77db068650d49c5b56314774a7804df16fee4402c1f19d6d15d8c4730", size = 20503, upload-time = "2025-10-18T21:55:43.219Z" }
wheels = [
    { url = "https://files.pythonhosted.org/packages/cb/b1/3846dd7f199d53cb17f49cba7e651e9ce294d8497c8c150530ed11865bb8/iniconfig-2.3.0-py3-none-any.whl", hash = "sha256:f631c04d2c48c52b84d0d0549c99ff3859c98df65b3101406327ecc7d53fbf12", size = 7484, upload-time = "2025-10-18T21:55:41.639Z" },
]

[[package]]
name = "jinja2"
version = "3.1.6"
source = { registry = "https://pypi.org/simple" }
dependencies = [
    { name = "markupsafe" },
]
sdist = { url = "https://files.pythonhosted.org/packages/df/bf/f7da0350254c0ed7c72f3e33cef02e048281fec7ecec5f032d4aac52226b/jinja2-3.1.6.tar.gz", hash = "sha256:0137fb05990d35f1275a587e9aee6d56da821fc83491a0fb838183be43f66d6d", size = 245115, upload-time = "2025-03-05T20:05:02.478Z" }
wheels = [
    { url = "https://files.pythonhosted.org/packages/62/a1/3d680cbfd5f4b8f15abc1d571870c5fc3e594bb582bc3b64ea099db13e56/jinja2-3.1.6-py3-none-any.whl", hash = "sha256:85ece4451f492d0c13c5dd7c13a64681a86afae63a5f347908daf103ce6d2f67", size = 134899, upload-time = "2025-03-05T20:05:00.369Z" },
]

[[package]]
name = "llama-cpp-python"
version = "0.3.35"
source = { registry = "https://abetlen.github.io/llama-cpp-python/whl/cpu" }
dependencies = [
    { name = "diskcache" },
    { name = "jinja2" },
    { name = "numpy" },
    { name = "typing-extensions" },
]
wheels = [
    { url = "https://github.com/abetlen/llama-cpp-python/releases/download/v0.3.35/llama_cpp_python-0.3.35-py3-none-linux_riscv64.whl" },
    { url = "https://github.com/abetlen/llama-cpp-python/releases/download/v0.3.35/llama_cpp_python-0.3.35-py3-none-macosx_11_0_arm64.whl" },
    { url = "https://github.com/abetlen/llama-cpp-python/releases/download/v0.3.35/llama_cpp_python-0.3.35-py3-none-manylinux2014_aarch64.manylinux_2_17_aarch64.whl" },
    { url = "https://github.com/abetlen/llama-cpp-python/releases/download/v0.3.35/llama_cpp_python-0.3.35-py3-none-manylinux2014_x86_64.manylinux_2_17_x86_64.whl" },
    { url = "https://github.com/abetlen/llama-cpp-python/releases/download/v0.3.35/llama_cpp_python-0.3.35-py3-none-musllinux_1_2_aarch64.whl" },
    { url = "https://github.com/abetlen/llama-cpp-python/releases/download/v0.3.35/llama_cpp_python-0.3.35-py3-none-musllinux_1_2_x86_64.whl" },
    { url = "https://github.com/abetlen/llama-cpp-python/releases/download/v0.3.35/llama_cpp_python-0.3.35-py3-none-pyemscripten_2026_0_wasm32.whl" },
    { url = "https://github.com/abetlen/llama-cpp-python/releases/download/v0.3.35/llama_cpp_python-0.3.35-py3-none-win_amd64.whl" },
]

[[package]]
name = "lxml"
version = "6.1.3"
source = { registry = "https://pypi.org/simple" }
sdist = { url = "https://files.pythonhosted.org/packages/23/ad/28ecd7cb894d172f3c9c80a075eeeb2017ac62e3632cee05a5f9493547eb/lxml-6.1.3.tar.gz", hash = "sha256:45222d94ddd511536f3b2f7d9deae3b2339b4ce0f075f1ca25703b07cad9dd21", size = 4211198, upload-time = "2026-09-02T14:48:02.287Z" }
wheels = [
    { url = "https://files.pythonhosted.org/packages/96/f1/95133bde7af7afb1f5ba6090b674d826b7a518318bba54bbbb633b27865a/lxml-6.1.3-cp311-cp311-macosx_10_9_universal2.whl", hash = "sha256:c66f858b82497173f73366795fc6ee8171620e75a338506d6b2e7bc16f5fca11", size = 8563141, upload-time = "2026-09-02T14:46:42.334Z" },
    { url = "https://files.pythonhosted.org/packages/80/54/5a79ee2181ac773ee13e48205411845feec69e1c3d097e985c1343171712/lxml-6.1.3-cp311-cp311-macosx_10_9_x86_64.whl", hash = "sha256:032a0a97eed428bd143c75a11118238546424ceb2fa311cca5f073aa44658dc4", size = 4613690, upload-time = "2026-09-02T14:46:45.253Z" },
    { url = "https://files.pythonhosted.org/packages/ab/29/8c24672f56807f119312f073f24204368574bd16b384ede861b5104b3a2b/lxml-6.1.3-cp311-cp311-manylinux2014_aarch64.manylinux_2_17_aarch64.whl", hash = "sha256:4a579dfb9c835f8ab47f4b8ed33440cbc75b806b73297208e6ec2a33e903740b", size = 4935630, upload-time = "2026-09-02T14:46:48.071Z" },
    { url = "https://files.pythonhosted.org/packages/71/69/ce2436d854c848c19fc9287143991f3fc76b8b4e9a0dbba8452e51dff264/lxml-6.1.3-cp311-cp311-manylinux2014_x86_64.manylinux_2_17_x86_64.whl", hash = "sha256:49fbc2682a9306135b7ec49e93f97f9c26689b9b7f96ed2742d8d6497e994d13", size = 5079033, upload-time = "2026-09-02T14:46:50.483Z" },
    { url = "https://files.pythonhosted.org/packages/91/ec/b66f66f6499ad800265d57540b51e6632e3232d3526f42f2f8fd4b14e0ea/lxml-6.1.3-cp311-cp311-manylinux_2_26_aarch64.manylinux_2_28_aarch64.whl", hash = "sha256:ea2c01cdb16dc12156e455007c406dfaaece0c89aa4ba0e3b47586779f951d41", size = 5012298, upload-time = "2026-09-02T14:46:52.603Z" },
    { url = "https://files.pythonhosted.org/packages/94/2a/25d128872f4d51753542bfc3feb482c2ea7c8a2d6d81a0bc5c6a00779ed4/lxml-6.1.3-cp311-cp311-manylinux_2_26_x86_64.manylinux_2_28_x86_64.whl", hash = "sha256:527195c188d7d0af748cd48d220ab8cdc5cb99be3d49ac4d9be7324d8abf9bc0", size = 5211431, upload-time = "2026-09-02T14:46:54.722Z" },
    { url = "https://files.pythonhosted.org/packages/75/b2/0a41bbef074a556110f84fafb6d8c2998293c7d3bfbe1ce74515bc65393b/lxml-6.1.3-cp311-cp311-manylinux_2_28_i686.whl", hash = "sha256:20384c2bbcbf87180c8c61eb60869699c1ec0cd09b62cfd13804022d860b0867", size = 5343417, upload-time = "2026-09-02T14:46:57.46Z" },
    { url = "https://files.pythonhosted.org/packages/7b/cd/16116c3f91791aeeeab1cbe6e7eb6e646f127be7b0158b262eb526a21a0c/lxml-6.1.3-cp311-cp311-manylinux_2_31_armv7l.whl", hash = "sha256:424aa5657141d306ba9ad1baab4b2c0a0719040075ee6c66aee9bb2dea2b5054", size = 4673219, upload-time = "2026-09-02T14:46:59.604Z" },
    { url = "https://files.pythonhosted.org/packages/dd/bb/4dff849f443ef70221676aec938bc41e8bae6430aa2ca13b041319e14b98/lxml-6.1.3-cp311-cp311-manylinux_2_38_riscv64.manylinux_2_39_riscv64.whl", hash = "sha256:4736e6c87e603146d8949d8501da621ad20c31015060d3fcf95ace2859f3e3e6", size = 5281246, upload-time = "2026-09-02T14:47:02.375Z" },
    { url = "https://files.pythonhosted.org/packages/9f/ac/4aa7dd059420bfd35278c7fe819e9d319ee36a0453b7bbde1907a7832d91/lxml-6.1.3-cp311-cp311-musllinux_1_2_aarch64.whl", hash = "sha256:6374e9e382e5a98c9c5e66d41b357b470da1c54bce30f17f9dc4bcc58436cc1c", size = 5055451, upload-time = "2026-09-02T14:47:05.883Z" },
    { url = "https://files.pythonhosted.org/packages/de/44/20d90cf6f4234de9cd9eeb4f519419885fdb087fa80d073c7b57be342021/lxml-6.1.3-cp311-cp311-musllinux_1_2_armv7l.whl", hash = "sha256:22eec57e26c418cde02c051ce9914a365e52a7f135a565c6f0480242aeebab48", size = 4722694, upload-time = "2026-09-02T14:47:08.461Z" },
    { url = "https://files.pythonhosted.org/packages/f0/0e/6bee12325e53dd6613fe1e107def07583b6182ade03e94bfef8976622e44/lxml-6.1.3-cp311-cp311-musllinux_1_2_riscv64.whl", hash = "sha256:8753b8d51dbc86fd335ee31fcf7f3658e9f5c016d4edfb23f76ad295f4b8c9d0", size = 5269179, upload-time = "2026-09-02T14:47:10.647Z" },
    { url = "https://files.pythonhosted.org/packages/e4/5d/54d269ce5cd0787c0424d9cef449ee794d4097725d13dd2acd6181c44e9c/lxml-6.1.3-cp311-cp311-musllinux_1_2_x86_64.whl", hash = "sha256:207dfc3d47cf0e575e643bbc140dacc8863b39abaa1e5307cd64c7f2365b8a12", size = 5235559, upload-time = "2026-09-02T14:47:13.932Z" },
    { url = "https://files.pythonhosted.org/packages/e4/f7/5a3095f187f1bec293591616a1677781acc265c5b313c009f8a19c471a09/lxml-6.1.3-cp311-cp311-win32.whl", hash = "sha256:18293f8a8d8b6a8e71ef37706b659e3846a4261232158167b1ddf35f6994f633", size = 3600377, upload-time = "2026-09-02T14:47:15.957Z" },
    { url = "https://files.pythonhosted.org/packages/45/5a/15531a0d307c96282fe8b639b3d74e8bd783e4ab4cb2b0781146ac4161b8/lxml-6.1.3-cp311-cp311-win_amd64.whl", hash = "sha256:7ae4949f212a53b007dbc355884fda122545c5764a54256c9217e419a62a6559", size = 4032700, upload-time = "2026-09-02T14:47:18.566Z" },
    { url = "https://files.pythonhosted.org/packages/12/f9/8de76314955545ceaaa7c0305017b8aaa217905dee59c62c0e2c1e44a68f/lxml-6.1.3-cp311-cp311-win_arm64.whl", hash = "sha256:2123e5aa075ac20d23c7af489255efd129cbfe190dbe88fd42598cc9df3199b6", size = 3674431, upload-time = "2026-09-02T14:47:22.186Z" },
    { url = "https://files.pythonhosted.org/packages/ec/c1/2433176de263cc3f51fd2c303f993d5bb7f1da3139a0f7d168116c0bfa7a/lxml-6.1.3-pp311-pypy311_pp73-macosx_10_15_x86_64.whl", hash = "sha256:d2765c18ce303149ee804b1f3dad11232726dd0a702d73a15cf19179ac8cc962", size = 3942969, upload-time = "2026-09-02T14:46:36.55Z" },
    { url = "https://files.pythonhosted.org/packages/7c/71/de7759096f480180fd9e43ff7c017860e2d2a9a43741ab093cbdf1820f07/lxml-6.1.3-pp311-pypy311_pp73-manylinux2014_aarch64.manylinux_2_17_aarch64.whl", hash = "sha256:7d5a748d12dd9b535e0a130f60dae9ddf0adafbabe61e7864f55c7436c84547a", size = 4213008, upload-time = "2026-09-02T14:46:38.784Z" },
    { url = "https://files.pythonhosted.org/packages/b8/9b/c2d09af47a34fa6c0c27473083812b449a411680bd04bbe609cde291ddc8/lxml-6.1.3-pp311-pypy311_pp73-manylinux2014_x86_64.manylinux_2_17_x86_64.whl", hash = "sha256:41096ec0740a58dad03d3ae0c7486d306d20becefb13ceb1649835ab3eb64167", size = 4322012, upload-time = "2026-09-02T14:46:41.031Z" },
    { url = "https://files.pythonhosted.org/packages/68/f3/bf56fee0403ebd995be8e78ec9aca566016487d1b3cbf755ebea8ccffbdb/lxml-6.1.3-pp311-pypy311_pp73-manylinux_2_26_aarch64.manylinux_2_28_aarch64.whl", hash = "sha256:415e3a115c0d510e329020012834d1c0aa1c581ee53a218603e38abbc1dea70a", size = 4257402, upload-time = "2026-09-02T14:46:43.134Z" },
    { url = "https://files.pythonhosted.org/packages/1c/1d/6da9cc086a20d9dd6bcbf7c5d9575f0331cca9a05e67dab02d15e828170b/lxml-6.1.3-pp311-pypy311_pp73-manylinux_2_26_x86_64.manylinux_2_28_x86_64.whl", hash = "sha256:20428910dae17a1a93152a3ff2c0441d2f4932992c0797d65651dd0561f1792f", size = 4410889, upload-time = "2026-09-02T14:46:46.975Z" },
    { url = "https://files.pythonhosted.org/packages/03/5c/91fe48856f9f8089be3096fa4dbe4b3fb5526f3bf3e852ea9497f399cb9f/lxml-6.1.3-pp311-pypy311_pp73-win_amd64.whl", hash = "sha256:bc8dd3d9c93e70c3df974a201ac2958b6d77b465d813c51d1f15fa8e645763ae", size = 3511258, upload-time = "2026-09-02T14:46:49.046Z" },
]

[[package]]
name = "markupsafe"
version = "3.0.3"
source = { registry = "https://pypi.org/simple" }
sdist = { url = "https://files.pythonhosted.org/packages/7e/99/7690b6d4034fffd95959cbe0c02de8deb3098cc577c67bb6a24fe5d7caa7/markupsafe-3.0.3.tar.gz", hash = "sha256:722695808f4b6457b320fdc131280796bdceb04ab50fe1795cd540799ebe1698", size = 80313, upload-time = "2025-09-27T18:37:40.426Z" }
wheels = [
    { url = "https://files.pythonhosted.org/packages/08/db/fefacb2136439fc8dd20e797950e749aa1f4997ed584c62cfb8ef7c2be0e/markupsafe-3.0.3-cp311-cp311-macosx_10_9_x86_64.whl", hash = "sha256:1cc7ea17a6824959616c525620e387f6dd30fec8cb44f649e31712db02123dad", size = 11631, upload-time = "2025-09-27T18:36:18.185Z" },
    { url = "https://files.pythonhosted.org/packages/e1/2e/5898933336b61975ce9dc04decbc0a7f2fee78c30353c5efba7f2d6ff27a/markupsafe-3.0.3-cp311-cp311-macosx_11_0_arm64.whl", hash = "sha256:4bd4cd07944443f5a265608cc6aab442e4f74dff8088b0dfc8238647b8f6ae9a", size = 12058, upload-time = "2025-09-27T18:36:19.444Z" },
    { url = "https://files.pythonhosted.org/packages/1d/09/adf2df3699d87d1d8184038df46a9c80d78c0148492323f4693df54e17bb/markupsafe-3.0.3-cp311-cp311-manylinux2014_aarch64.manylinux_2_17_aarch64.manylinux_2_28_aarch64.whl", hash = "sha256:6b5420a1d9450023228968e7e6a9ce57f65d148ab56d2313fcd589eee96a7a50", size = 24287, upload-time = "2025-09-27T18:36:20.768Z" },
    { url = "https://files.pythonhosted.org/packages/30/ac/0273f6fcb5f42e314c6d8cd99effae6a5354604d461b8d392b5ec9530a54/markupsafe-3.0.3-cp311-cp311-manylinux2014_x86_64.manylinux_2_17_x86_64.manylinux_2_28_x86_64.whl", hash = "sha256:0bf2a864d67e76e5c9a34dc26ec616a66b9888e25e7b9460e1c76d3293bd9dbf", size = 22940, upload-time = "2025-09-27T18:36:22.249Z" },
    { url = "https://files.pythonhosted.org/packages/19/ae/31c1be199ef767124c042c6c3e904da327a2f7f0cd63a0337e1eca2967a8/markupsafe-3.0.3-cp311-cp311-manylinux_2_31_riscv64.manylinux_2_39_riscv64.whl", hash = "sha256:bc51efed119bc9cfdf792cdeaa4d67e8f6fcccab66ed4bfdd6bde3e59bfcbb2f", size = 21887, upload-time = "2025-09-27T18:36:23.535Z" },
    { url = "https://files.pythonhosted.org/packages/b2/76/7edcab99d5349a4532a459e1fe64f0b0467a3365056ae550d3bcf3f79e1e/markupsafe-3.0.3-cp311-cp311-musllinux_1_2_aarch64.whl", hash = "sha256:068f375c472b3e7acbe2d5318dea141359e6900156b5b2ba06a30b169086b91a", size = 23692, upload-time = "2025-09-27T18:36:24.823Z" },
    { url = "https://files.pythonhosted.org/packages/a4/28/6e74cdd26d7514849143d69f0bf2399f929c37dc2b31e6829fd2045b2765/markupsafe-3.0.3-cp311-cp311-musllinux_1_2_riscv64.whl", hash = "sha256:7be7b61bb172e1ed687f1754f8e7484f1c8019780f6f6b0786e76bb01c2ae115", size = 21471, upload-time = "2025-09-27T18:36:25.95Z" },
    { url = "https://files.pythonhosted.org/packages/62/7e/a145f36a5c2945673e590850a6f8014318d5577ed7e5920a4b3448e0865d/markupsafe-3.0.3-cp311-cp311-musllinux_1_2_x86_64.whl", hash = "sha256:f9e130248f4462aaa8e2552d547f36ddadbeaa573879158d721bbd33dfe4743a", size = 22923, upload-time = "2025-09-27T18:36:27.109Z" },
    { url = "https://files.pythonhosted.org/packages/0f/62/d9c46a7f5c9adbeeeda52f5b8d802e1094e9717705a645efc71b0913a0a8/markupsafe-3.0.3-cp311-cp311-win32.whl", hash = "sha256:0db14f5dafddbb6d9208827849fad01f1a2609380add406671a26386cdf15a19", size = 14572, upload-time = "2025-09-27T18:36:28.045Z" },
    { url = "https://files.pythonhosted.org/packages/83/8a/4414c03d3f891739326e1783338e48fb49781cc915b2e0ee052aa490d586/markupsafe-3.0.3-cp311-cp311-win_amd64.whl", hash = "sha256:de8a88e63464af587c950061a5e6a67d3632e36df62b986892331d4620a35c01", size = 15077, upload-time = "2025-09-27T18:36:29.025Z" },
    { url = "https://files.pythonhosted.org/packages/35/73/893072b42e6862f319b5207adc9ae06070f095b358655f077f69a35601f0/markupsafe-3.0.3-cp311-cp311-win_arm64.whl", hash = "sha256:3b562dd9e9ea93f13d53989d23a7e775fdfd1066c33494ff43f5418bc8c58a5c", size = 13876, upload-time = "2025-09-27T18:36:29.954Z" },
]

[[package]]
name = "numpy"
version = "2.4.6"
source = { registry = "https://pypi.org/simple" }
sdist = { url = "https://files.pythonhosted.org/packages/d0/ad/fed0499ce6a338d2a03ebae59cd15093910c8875328855781952abf6c2fe/numpy-2.4.6.tar.gz", hash = "sha256:f3a3570c4a2a16746ac2c31a7c7c7b0c186b95ce902e33db6f28094ed7387dda", size = 20735807, upload-time = "2026-05-18T23:37:14.07Z" }
wheels = [
    { url = "https://files.pythonhosted.org/packages/b3/49/ec46835a70be8fa6446c495126ac84fdb28cb2558e1620ffb87a10c8b64c/numpy-2.4.6-cp311-cp311-macosx_10_9_x86_64.whl", hash = "sha256:0280e0356c0829a18d9de1cb7eee50ec22ca639878d7240307ca0943d73cd2c4", size = 16969194, upload-time = "2026-05-18T23:33:13.503Z" },
    { url = "https://files.pythonhosted.org/packages/0e/0d/f5957185c0ee2f3e12f78715aa9e3b353fd83633316c8532b38faa37e3f6/numpy-2.4.6-cp311-cp311-macosx_11_0_arm64.whl", hash = "sha256:110f8b71aacb688ec69062bb7f6938a0f8acb01b7c1c4beb453c65b6d234584d", size = 14964111, upload-time = "2026-05-18T23:33:17.795Z" },
    { url = "https://files.pythonhosted.org/packages/ad/40/40a40ee0ddf7ceb782c49af278894b686e586d65d8c1889c8b5da01a3d7d/numpy-2.4.6-cp311-cp311-macosx_14_0_arm64.whl", hash = "sha256:4cfe66903cc32a9921a6733d96b19bb6abf310397581bbad89c228f5abaf0ee8", size = 5469159, upload-time = "2026-05-18T23:33:20.654Z" },
    { url = "https://files.pythonhosted.org/packages/63/13/f9a8046535cb21deae82f8d03de9617e08882d274fad2539630761888228/numpy-2.4.6-cp311-cp311-macosx_14_0_x86_64.whl", hash = "sha256:8155154c7c691289fe18f510b5d4657c68c67989f293f0535a91360392ff6538", size = 6798936, upload-time = "2026-05-18T23:33:22.987Z" },
    { url = "https://files.pythonhosted.org/packages/33/a8/6fa8c1a345a8c85dbb21932c447bee07c30a2c2a3f31e369c0a84b300147/numpy-2.4.6-cp311-cp311-manylinux_2_27_aarch64.manylinux_2_28_aarch64.whl", hash = "sha256:0ab0a9c4ffb1a6d95ef519fe4247dba8eb6b18ad93999f76b7f657039acabd47", size = 15966692, upload-time = "2026-05-18T23:33:26.62Z" },
    { url = "https://files.pythonhosted.org/packages/02/03/74fe2a4cb3817d94d86402f2506554130a2f01414e299b5a843e5a8a957f/numpy-2.4.6-cp311-cp311-manylinux_2_27_x86_64.manylinux_2_28_x86_64.whl", hash = "sha256:89cd468399cfd2504718f0ba50e410dca55a170b61a02ad92bb18c8a65186e93", size = 16918164, upload-time = "2026-05-18T23:33:29.955Z" },
    { url = "https://files.pythonhosted.org/packages/c5/80/3615be3313f7e7696609bc194b9f0101da809df79e859bdb84e0cd043f46/numpy-2.4.6-cp311-cp311-musllinux_1_2_aarch64.whl", hash = "sha256:c2d37ab77531417474168eb79d6d80b14f821a966818505d03013d0833edb7a8", size = 17322877, upload-time = "2026-05-18T23:33:34.724Z" },
    { url = "https://files.pythonhosted.org/packages/ca/ac/a691e0fe2675e370d0e08ff905adc49a1c8830e8cae03efe4477e92cd55d/numpy-2.4.6-cp311-cp311-musllinux_1_2_x86_64.whl", hash = "sha256:f407cb6b8e9d6d8c626bc73c945db1706035af8fd632295547bf1c9e46d092d6", size = 18651487, upload-time = "2026-05-18T23:33:38.217Z" },
    { url = "https://files.pythonhosted.org/packages/15/a7/9bc1cd626d7bf6869bfedf27b91b6ab5dd607758bf8e959d6fa80c6a59cb/numpy-2.4.6-cp311-cp311-win32.whl", hash = "sha256:ddea102b48f9e339f3948bf22040944184627a30fdf7f858667673b9c5f033c8", size = 6233945, upload-time = "2026-05-18T23:33:41.331Z" },
    { url = "https://files.pythonhosted.org/packages/c5/31/7fc6239c12bce7e931463251cca4426c465e1876ba3cc785402ef4dd8f4e/numpy-2.4.6-cp311-cp311-win_amd64.whl", hash = "sha256:1e254a00cdf42b1e4d5b3d68d33af63268d41340d8885df2ab6470f2e1500147", size = 12608406, upload-time = "2026-05-18T23:33:44.131Z" },
    { url = "https://files.pythonhosted.org/packages/27/83/140f85a466595a16382996a1bf06b2b54bcd597488921b0c9daaeeda72af/numpy-2.4.6-cp311-cp311-win_arm64.whl", hash = "sha256:ed9749eef4cbd126da3dc1d6bcb3a57f5eb7ac6a6484146bdbf743f552dfc577", size = 10479528, upload-time = "2026-05-18T23:33:50.725Z" },
    { url = "https://files.pythonhosted.org/packages/de/12/b422cc84439adc0d00de605bf4a308890ae5c26f2c71fbd73e5d08fbb0dd/numpy-2.4.6-pp311-pypy311_pp73-macosx_10_15_x86_64.whl", hash = "sha256:55cced7c52e981362f708ad635198e97a752dfba412cc03c23bbf3bd8d5cd662", size = 16847511, upload-time = "2026-05-18T23:36:50.673Z" },
    { url = "https://files.pythonhosted.org/packages/44/53/f481bef68011740f8849418d82db07230e825013f31f4eef5ba5b805316a/numpy-2.4.6-pp311-pypy311_pp73-macosx_11_0_arm64.whl", hash = "sha256:d6da64deb6b8ed903e7560180a92f2d804ee1ba5eeb849ac2748b8c1aba1f6d7", size = 14889064, upload-time = "2026-05-18T23:36:53.879Z" },
    { url = "https://files.pythonhosted.org/packages/7f/57/42ed575c10ced8af951d426bc4e1f8aff16fd851db33f067036215a7f860/numpy-2.4.6-pp311-pypy311_pp73-macosx_14_0_arm64.whl", hash = "sha256:68a5124b13fa6cc2086764a20005d30bc0548146f7f5322f02fce212ca14317f", size = 5394157, upload-time = "2026-05-18T23:36:57.194Z" },
    { url = "https://files.pythonhosted.org/packages/6a/ef/f66cc724fcc36c1e364c67f51ae9146090b8b584f27d58b97fdae3edd737/numpy-2.4.6-pp311-pypy311_pp73-macosx_14_0_x86_64.whl", hash = "sha256:948424b06129ce883307e8cff868c31396d8dc7630a59c61d70d98dbe70f222c", size = 6708728, upload-time = "2026-05-18T23:36:59.575Z" },
    { url = "https://files.pythonhosted.org/packages/1a/9c/c531f2293b91265d8b48e9b329f54fdd7ffae73cb4134ea10cca4237e9cc/numpy-2.4.6-pp311-pypy311_pp73-manylinux_2_27_aarch64.manylinux_2_28_aarch64.whl", hash = "sha256:5dbbdb29840ca3d91ee0fece42fc29278886d908280bfec0a5846c6f901a3eb0", size = 15798374, upload-time = "2026-05-18T23:37:02.674Z" },
    { url = "https://files.pythonhosted.org/packages/1a/b0/413077f6b1153ed3cba361401c6783bbad6114804a000cc22eb71c13e190/numpy-2.4.6-pp311-pypy311_pp73-manylinux_2_27_x86_64.manylinux_2_28_x86_64.whl", hash = "sha256:8ad03c0965fb3c692200e74d458ca28c1dbb4ce96f9a479a8aa041ad5fabca02", size = 16747286, upload-time = "2026-05-18T23:37:06.327Z" },
    { url = "https://files.pythonhosted.org/packages/15/ce/e5ec180bc41812edcd8daeb8639d205622c0e8c02259d8ab25a0201b3c2a/numpy-2.4.6-pp311-pypy311_pp73-win_amd64.whl", hash = "sha256:2803abfebfc990042cd494d8ce2d5f82e9d847af6d35ec486923aa19dbad5e73", size = 12504263, upload-time = "2026-05-18T23:37:09.715Z" },
]

[[package]]
name = "nvidia-cublas-cu12"
version = "12.8.4.1"
source = { registry = "https://pypi.org/simple" }
wheels = [
    { url = "https://files.pythonhosted.org/packages/29/99/db44d685f0e257ff0e213ade1964fc459b4a690a73293220e98feb3307cf/nvidia_cublas_cu12-12.8.4.1-py3-none-manylinux_2_27_aarch64.whl", hash = "sha256:b86f6dd8935884615a0683b663891d43781b819ac4f2ba2b0c9604676af346d0", size = 590537124, upload-time = "2025-03-07T01:43:53.556Z" },
    { url = "https://files.pythonhosted.org/packages/dc/61/e24b560ab2e2eaeb3c839129175fb330dfcfc29e5203196e5541a4c44682/nvidia_cublas_cu12-12.8.4.1-py3-none-manylinux_2_27_x86_64.whl", hash = "sha256:8ac4e771d5a348c551b2a426eda6193c19aa630236b418086020df5ba9667142", size = 594346921, upload-time = "2025-03-07T01:44:31.254Z" },
    { url = "https://files.pythonhosted.org/packages/70/61/7d7b3c70186fb651d0fbd35b01dbfc8e755f69fd58f817f3d0f642df20c3/nvidia_cublas_cu12-12.8.4.1-py3-none-win_amd64.whl", hash = "sha256:47e9b82132fa8d2b4944e708049229601448aaad7e6f296f630f2d1a32de35af", size = 567544208, upload-time = "2025-03-07T01:53:30.535Z" },
]

[[package]]
name = "nvidia-cuda-runtime-cu12"
version = "12.8.90"
source = { registry = "https://pypi.org/simple" }
wheels = [
    { url = "https://files.pythonhosted.org/packages/7c/75/f865a3b236e4647605ea34cc450900854ba123834a5f1598e160b9530c3a/nvidia_cuda_runtime_cu12-12.8.90-py3-none-manylinux2014_aarch64.manylinux_2_17_aarch64.whl", hash = "sha256:52bf7bbee900262ffefe5e9d5a2a69a30d97e2bc5bb6cc866688caa976966e3d", size = 965265, upload-time = "2025-03-07T01:39:43.533Z" },
    { url = "https://files.pythonhosted.org/packages/0d/9b/a997b638fcd068ad6e4d53b8551a7d30fe8b404d6f1804abf1df69838932/nvidia_cuda_runtime_cu12-12.8.90-py3-none-manylinux2014_x86_64.manylinux_2_17_x86_64.whl", hash = "sha256:adade8dcbd0edf427b7204d480d6066d33902cab2a4707dcfc48a2d0fd44ab90", size = 954765, upload-time = "2025-03-07T01:40:01.615Z" },
    { url = "https://files.pythonhosted.org/packages/30/a5/a515b7600ad361ea14bfa13fb4d6687abf500adc270f19e89849c0590492/nvidia_cuda_runtime_cu12-12.8.90-py3-none-win_amd64.whl", hash = "sha256:c0c6027f01505bfed6c3b21ec546f69c687689aad5f1a377554bc6ca4aa993a8", size = 944318, upload-time = "2025-03-07T01:51:01.794Z" },
]

[[package]]
name = "packaging"
version = "26.3"
source = { registry = "https://pypi.org/simple" }
sdist = { url = "https://files.pythonhosted.org/packages/7d/fa/3944b40b07da9ce895c0e6303a5ab7d53da063554f534556b134a54d6093/packaging-26.3.tar.gz", hash = "sha256:94edc256424af38762eb31306eed28beb9f0efc50a8837492c9d6fd6004aed79", size = 313412, upload-time = "2026-08-04T18:15:28.737Z" }
wheels = [
    { url = "https://files.pythonhosted.org/packages/63/34/ba1c580383c9eada3711951fef0795c80b829a078d72188184bcab9dd527/packaging-26.3-py3-none-any.whl", hash = "sha256:d7193f7c8e4e93f444fde0262bf90af30e16fa0ad0ad44cb553c87339b23cd1c", size = 129956, upload-time = "2026-08-04T18:15:27.159Z" },
]

[[package]]
name = "pluggy"
version = "1.6.0"
source = { registry = "https://pypi.org/simple" }
sdist = { url = "https://files.pythonhosted.org/packages/f9/e2/3e91f31a7d2b083fe6ef3fa267035b518369d9511ffab804f839851d2779/pluggy-1.6.0.tar.gz", hash = "sha256:7dcc130b76258d33b90f61b658791dede3486c3e6bfb003ee5c9bfb396dd22f3", size = 69412, upload-time = "2025-05-15T12:30:07.975Z" }
wheels = [
    { url = "https://files.pythonhosted.org/packages/54/20/4d324d65cc6d9205fabedc306948156824eb9f0ee1633355a8f7ec5c66bf/pluggy-1.6.0-py3-none-any.whl", hash = "sha256:e920276dd6813095e9377c0bc5566d94c932c33b27a3e3945d8389c374dd4746", size = 20538, upload-time = "2025-05-15T12:30:06.134Z" },
]

[[package]]
name = "pymupdf"
version = "1.28.2"
source = { registry = "https://pypi.org/simple" }
sdist = { url = "https://files.pythonhosted.org/packages/a3/fb/b6761fa2d5266f2cdb24c3b91f4023070ab7848381417678e7a289a1d52a/pymupdf-1.28.2.tar.gz", hash = "sha256:5e0be7908a715aa20333caddd73f1d6f01e4cd0c26e869fa2dd0b7f344da2249", size = 87903557, upload-time = "2026-08-06T21:43:23.321Z" }
wheels = [
    { url = "https://files.pythonhosted.org/packages/b4/51/550c9a75c4ff3245cb4ecb7bb95cbe2ab7374230b8e2b7a1f7259444150b/pymupdf-1.28.2-cp310-abi3-macosx_10_15_x86_64.whl", hash = "sha256:5fc315b425ff1f7afdd1ea2f348205cb19b806767daae7ce4d64115799c2bae1", size = 24645079, upload-time = "2026-08-06T21:37:25.001Z" },
    { url = "https://files.pythonhosted.org/packages/fa/01/3591f781b417b382a8487a2356e927acfe858b1043bab0ec47f6805bb109/pymupdf-1.28.2-cp310-abi3-macosx_11_0_arm64.whl", hash = "sha256:7113846b35dbf0a033f088e4f4fb543dabeb4b0b12c112966a1ca1ee2d5eacae", size = 23875605, upload-time = "2026-08-06T21:37:40.369Z" },
    { url = "https://files.pythonhosted.org/packages/d2/86/4a68f080b71b46802178346af46486e1697508e760855ff5f3b218a6dff7/pymupdf-1.28.2-cp310-abi3-manylinux_2_28_aarch64.whl", hash = "sha256:3050a233dde1211efe89ada74e2add6238436434159f46097a1423aad2842545", size = 25095554, upload-time = "2026-08-06T21:37:58.485Z" },
    { url = "https://files.pythonhosted.org/packages/c7/06/dace3e27af26690cb20bead80dbac42941b0841eb689b8aabbd67dde16f0/pymupdf-1.28.2-cp310-abi3-manylinux_2_28_x86_64.whl", hash = "sha256:397d6715c1f0df7548a92d0afd8ce370fc48fa47aeefac16be2bc04a16a8227f", size = 25762500, upload-time = "2026-08-06T21:38:17.438Z" },
    { url = "https://files.pythonhosted.org/packages/e5/61/4146dfa1d8172a1ce8d59f0eed94896ddefb8deb2274534d0522fbb8abf5/pymupdf-1.28.2-cp310-abi3-musllinux_1_2_x86_64.whl", hash = "sha256:f89fb2d86d07d643a269f17a093105057e20c79c1d06c103b53600067b6d2b01", size = 25986309, upload-time = "2026-08-06T21:38:35.472Z" },
    { url = "https://files.pythonhosted.org/packages/52/60/1fb6e64676f7500ebe89054b9e5bbbe14d3101c92d5f1a40ac9a35227673/pymupdf-1.28.2-cp310-abi3-win32.whl", hash = "sha256:530ef543a3885b3b81cb72a854e7c5a625a9233201221132bb6c31698c6a2bdb", size = 18525353, upload-time = "2026-08-06T21:38:47.697Z" },
    { url = "https://files.pythonhosted.org/packages/4a/61/d563bbccba262f9dd6d2d35ccb72593648184d886188efb12d9ce8f34dd6/pymupdf-1.28.2-cp310-abi3-win_amd64.whl", hash = "sha256:ebd244918798502d7b4504c90410d1711a4d7675a32584ca30f1bab419ecbffe", size = 19826532, upload-time = "2026-08-06T21:39:00.213Z" },
    { url = "https://files.pythonhosted.org/packages/e2/93/08f404a1f0155fe24137cf2d3aabd3e2b4b08c62053ed89c60f2611be3e9/pymupdf-1.28.2-cp310-abi3-win_arm64.whl", hash = "sha256:ffe91a24edc75c80da2a4b62f50fc0f54632d34fc8fe4cbc48e5c7ff07cf8fb4", size = 19759252, upload-time = "2026-08-06T21:39:12.937Z" },
    { url = "https://files.pythonhosted.org/packages/58/8c/d897dcd32a25b58186c968b15ce4324ca029e9d96460de12325314e390be/pymupdf-1.28.2-cp313-abi3-pyemscripten_2025_0_wasm32.whl", hash = "sha256:2e1b574c0fd2cb238021033fd3c0f9c4388816638df064e4bfb56d9d81736dc8", size = 18399403, upload-time = "2026-08-06T21:39:25.008Z" },
]

[[package]]
name = "pytest"
version = "8.3.4"
source = { registry = "https://pypi.org/simple" }
dependencies = [
    { name = "colorama", marker = "sys_platform == 'win32'" },
    { name = "iniconfig" },
    { name = "packaging" },
    { name = "pluggy" },
]
sdist = { url = "https://files.pythonhosted.org/packages/05/35/30e0d83068951d90a01852cb1cef56e5d8a09d20c7f511634cc2f7e0372a/pytest-8.3.4.tar.gz", hash = "sha256:965370d062bce11e73868e0335abac31b4d3de0e82f4007408d242b4f8610761", size = 1445919, upload-time = "2024-12-01T12:54:25.98Z" }
wheels = [
    { url = "https://files.pythonhosted.org/packages/11/92/76a1c94d3afee238333bc0a42b82935dd8f9cf8ce9e336ff87ee14d9e1cf/pytest-8.3.4-py3-none-any.whl", hash = "sha256:50e16d954148559c9a74109af1eaf0c945ba2d8f30f0a3d3335edde19788b6f6", size = 343083, upload-time = "2024-12-01T12:54:19.735Z" },
]

[[package]]
name = "python-docx"
version = "1.2.0"
source = { registry = "https://pypi.org/simple" }
dependencies = [
    { name = "lxml" },
    { name = "typing-extensions" },
]
sdist = { url = "https://files.pythonhosted.org/packages/a9/f7/eddfe33871520adab45aaa1a71f0402a2252050c14c7e3009446c8f4701c/python_docx-1.2.0.tar.gz", hash = "sha256:7bc9d7b7d8a69c9c02ca09216118c86552704edc23bac179283f2e38f86220ce", size = 5723256, upload-time = "2025-06-16T20:46:27.921Z" }
wheels = [
    { url = "https://files.pythonhosted.org/packages/d0/00/1e03a4989fa5795da308cd774f05b704ace555a70f9bf9d3be057b680bcf/python_docx-1.2.0-py3-none-any.whl", hash = "sha256:3fd478f3250fbbbfd3b94fe1e985955737c145627498896a8a6bf81f4baf66c7", size = 252987, upload-time = "2025-06-16T20:46:22.506Z" },
]

[[package]]
name = "sadt-cne"
version = "0.1.0"
source = { editable = "." }
dependencies = [
    { name = "llama-cpp-python" },
    { name = "nvidia-cublas-cu12" },
    { name = "nvidia-cuda-runtime-cu12" },
    { name = "pymupdf" },
    { name = "python-docx" },
]

[package.dev-dependencies]
dev = [
    { name = "pytest" },
    { name = "sadt-testkit" },
]

[package.metadata]
requires-dist = [
    { name = "llama-cpp-python", specifier = "==0.3.35", index = "https://abetlen.github.io/llama-cpp-python/whl/cpu" },
    { name = "nvidia-cublas-cu12", specifier = "==12.8.4.1" },
    { name = "nvidia-cuda-runtime-cu12", specifier = "==12.8.90" },
    { name = "pymupdf", specifier = "==1.28.2" },
    { name = "python-docx", specifier = "==1.2.0" },
]

[package.metadata.requires-dev]
dev = [
    { name = "pytest", specifier = "==8.3.4" },
    { name = "sadt-testkit", editable = "../../testkit" },
]

[[package]]
name = "sadt-testkit"
version = "0.1.0"
source = { editable = "../../testkit" }

[package.metadata]

[package.metadata.requires-dev]
dev = [
    { name = "numpy", specifier = "==1.26.4" },
    { name = "pytest", specifier = "==8.3.4" },
]

[[package]]
name = "typing-extensions"
version = "4.16.0"
source = { registry = "https://pypi.org/simple" }
sdist = { url = "https://files.pythonhosted.org/packages/f6/cc/6253133b5bb138fc3306cebfbda2c520f545d36b5be2c7255cc528bb45d6/typing_extensions-4.16.0.tar.gz", hash = "sha256:dc983d19a509c94dba722ee6abd33940f7c05a89e243c47e907eb4db6f1a43e5", size = 113555, upload-time = "2026-07-02T08:40:05.92Z" }
wheels = [
    { url = "https://files.pythonhosted.org/packages/49/d3/b8441a820a491ddfc024b0b0cf0393375b75ea13866d9c66727e54c2fc80/typing_extensions-4.16.0-py3-none-any.whl", hash = "sha256:481caa481374e813c1b176ada14e97f1f67a4539ce9cfeb3f350d78d6370c2e8", size = 45571, upload-time = "2026-07-02T08:40:04.659Z" },
]
